
Microsoft Visual Studio Solution File, Format Version 12.00
# Visual Studio Version 17
VisualStudioVersion = 17.3.32901.215
MinimumVisualStudioVersion = 10.0.40219.1
Project("{9A19103F-16F7-4668-BE54-9A1E7A4F7556}") = "EnciclopediaDarwin.Web", "EnciclopediaDarwin.Web\EnciclopediaDarwin.Web.csproj", "{D42A8708-9214-4E79-AEA0-CB7A4108FF6E}"
EndProject
Project("{FAE04EC0-301F-11D3-BF4B-00C04F79EFBC}") = "EnciclopediaDarwin.Data", "EnciclopediaDarwin.Data\EnciclopediaDarwin.Data.csproj", "{15961405-9A34-49D8-B9D9-755420C5E747}"
EndProject
Project("{FAE04EC0-301F-11D3-BF4B-00C04F79EFBC}") = "EnciclopediaDarwin.Logica", "EnciclopediaDarwin.Logica\EnciclopediaDarwin.Logica.csproj", "{2C5DEBAC-4ADD-441A-B128-350C84AD53E4}"
EndProject
Global
	GlobalSection(SolutionConfigurationPlatforms) = preSolution
		Debug|Any CPU = Debug|Any CPU
		Release|Any CPU = Release|Any CPU
	EndGlobalSection
	GlobalSection(ProjectConfigurationPlatforms) = postSolution
		{D42A8708-9214-4E79-AEA0-CB7A4108FF6E}.Debug|Any CPU.ActiveCfg = Debug|Any CPU
		{D42A8708-9214-4E79-AEA0-CB7A4108FF6E}.Debug|Any CPU.Build.0 = Debug|Any CPU
		{D42A8708-9214-4E79-AEA0-CB7A4108FF6E}.Release|Any CPU.ActiveCfg = Release|Any CPU
		{D42A8708-9214-4E79-AEA0-CB7A4108FF6E}.Release|Any CPU.Build.0 = Release|Any CPU
		{15961405-9A34-49D8-B9D9-755420C5E747}.Debug|Any CPU.ActiveCfg = Debug|Any CPU
		{15961405-9A34-49D8-B9D9-755420C5E747}.Debug|Any CPU.Build.0 = Debug|Any CPU
		{15961405-9A34-49D8-B9D9-755420C5E747}.Release|Any CPU.ActiveCfg = Release|Any CPU
		{15961405-9A34-49D8-B9D9-755420C5E747}.Release|Any CPU.Build.0 = Release|Any CPU
		{2C5DEBAC-4ADD-441A-B128-350C84AD53E4}.Debug|Any CPU.ActiveCfg = Debug|Any CPU
		{2C5DEBAC-4ADD-441A-B128-350C84AD53E4}.Debug|Any CPU.Build.0 = Debug|Any CPU
		{2C5DEBAC-4ADD-441A-B128-350C84AD53E4}.Release|Any CPU.ActiveCfg = Release|Any CPU
		{2C5DEBAC-4ADD-441A-B128-350C84AD53E4}.Release|Any CPU.Build.0 = Release|Any CPU
	EndGlobalSection
	GlobalSection(SolutionProperties) = preSolution
		HideSolutionNode = FALSE
	EndGlobalSection
	GlobalSection(ExtensibilityGlobals) = postSolution
		SolutionGuid = {3EA47D5F-1E69-460C-9E60-166ECCE68216}
	EndGlobalSection
EndGlobal
